
Microsoft Visual Studio Solution File, Format Version 12.00
# Visual Studio Version 16
VisualStudioVersion = 16.0.29728.190
MinimumVisualStudioVersion = 10.0.40219.1
Project("{FAE04EC0-301F-11D3-BF4B-00C04F79EFBC}") = "CrmBl", "CrmBl\CrmBl.csproj", "{CFC07B34-2BE2-46F9-BA9F-CB641C3AE2B5}"
EndProject
Project("{FAE04EC0-301F-11D3-BF4B-00C04F79EFBC}") = "CrmUi", "CrmUi\CrmUi.csproj", "{89FA4652-E379-406D-AF06-657E4861C7D0}"
EndProject
Global
	GlobalSection(SolutionConfigurationPlatforms) = preSolution
		Debug|Any CPU = Debug|Any CPU
		Release|Any CPU = Release|Any CPU
	EndGlobalSection
	GlobalSection(ProjectConfigurationPlatforms) = postSolution
		{CFC07B34-2BE2-46F9-BA9F-CB641C3AE2B5}.Debug|Any CPU.ActiveCfg = Debug|Any CPU
		{CFC07B34-2BE2-46F9-BA9F-CB641C3AE2B5}.Debug|Any CPU.Build.0 = Debug|Any CPU
		{CFC07B34-2BE2-46F9-BA9F-CB641C3AE2B5}.Release|Any CPU.ActiveCfg = Release|Any CPU
		{CFC07B34-2BE2-46F9-BA9F-CB641C3AE2B5}.Release|Any CPU.Build.0 = Release|Any CPU
		{89FA4652-E379-406D-AF06-657E4861C7D0}.Debug|Any CPU.ActiveCfg = Debug|Any CPU
		{89FA4652-E379-406D-AF06-657E4861C7D0}.Debug|Any CPU.Build.0 = Debug|Any CPU
		{89FA4652-E379-406D-AF06-657E4861C7D0}.Release|Any CPU.ActiveCfg = Release|Any CPU
		{89FA4652-E379-406D-AF06-657E4861C7D0}.Release|Any CPU.Build.0 = Release|Any CPU
	EndGlobalSection
	GlobalSection(SolutionProperties) = preSolution
		HideSolutionNode = FALSE
	EndGlobalSection
	GlobalSection(ExtensibilityGlobals) = postSolution
		SolutionGuid = {DEAE2362-ECDE-42CC-8700-8F682943EE60}
	EndGlobalSection
EndGlobal
